
Microsoft Visual Studio Solution File, Format Version 12.00
# Visual Studio Version 17
VisualStudioVersion = 17.5.33516.290
MinimumVisualStudioVersion = 10.0.40219.1
Project("{FAE04EC0-301F-11D3-BF4B-00C04F79EFBC}") = "Past_Work", "Past_Work.csproj", "{7867BF43-721F-4707-A4DF-B06357D4BECE}"
EndProject
Global
	GlobalSection(SolutionConfigurationPlatforms) = preSolution
		Debug|Any CPU = Debug|Any CPU
		Release|Any CPU = Release|Any CPU
	EndGlobalSection
	GlobalSection(ProjectConfigurationPlatforms) = postSolution
		{7867BF43-721F-4707-A4DF-B06357D4BECE}.Debug|Any CPU.ActiveCfg = Debug|Any CPU
		{7867BF43-721F-4707-A4DF-B06357D4BECE}.Debug|Any CPU.Build.0 = Debug|Any CPU
		{7867BF43-721F-4707-A4DF-B06357D4BECE}.Release|Any CPU.ActiveCfg = Release|Any CPU
		{7867BF43-721F-4707-A4DF-B06357D4BECE}.Release|Any CPU.Build.0 = Release|Any CPU
	EndGlobalSection
	GlobalSection(SolutionProperties) = preSolution
		HideSolutionNode = FALSE
	EndGlobalSection
	GlobalSection(ExtensibilityGlobals) = postSolution
		SolutionGuid = {BF8D3C56-D6C6-4ADF-9894-7A5312DDE74F}
	EndGlobalSection
EndGlobal
